
Microsoft Visual Studio Solution File, Format Version 12.00
# Visual Studio Version 17
VisualStudioVersion = 17.7.34009.444
MinimumVisualStudioVersion = 10.0.40219.1
Project("{9A19103F-16F7-4668-BE54-9A1E7A4F7556}") = "Program", "Program.csproj", "{264632C8-AD0C-471F-8E72-7A76775FDDE3}"
EndProject
Project("{9A19103F-16F7-4668-BE54-9A1E7A4F7556}") = "First_Class", "..\First_Class\First_Class.csproj", "{4BEB461E-C9F7-4D0E-BDDB-13F1E29E924D}"
EndProject
Project("{9A19103F-16F7-4668-BE54-9A1E7A4F7556}") = "Second_Class", "..\Second_Class\Second_Class.csproj", "{CE004B94-087F-4541-860D-739ADA0F91FD}"
EndProject
Project("{9A19103F-16F7-4668-BE54-9A1E7A4F7556}") = "Class_3rd", "..\Class_3rd\Class_3rd.csproj", "{153B9131-042C-487E-9F4A-C6016F19B403}"
EndProject
Project("{FAE04EC0-301F-11D3-BF4B-00C04F79EFBC}") = "Class_4th", "..\Class_4th\Class_4th.csproj", "{D2219A64-522C-48A2-A405-1C391073D9CF}"
EndProject
Global
	GlobalSection(SolutionConfigurationPlatforms) = preSolution
		Debug|Any CPU = Debug|Any CPU
		Release|Any CPU = Release|Any CPU
	EndGlobalSection
	GlobalSection(ProjectConfigurationPlatforms) = postSolution
		{264632C8-AD0C-471F-8E72-7A76775FDDE3}.Debug|Any CPU.ActiveCfg = Debug|Any CPU
		{264632C8-AD0C-471F-8E72-7A76775FDDE3}.Debug|Any CPU.Build.0 = Debug|Any CPU
		{264632C8-AD0C-471F-8E72-7A76775FDDE3}.Release|Any CPU.ActiveCfg = Release|Any CPU
		{264632C8-AD0C-471F-8E72-7A76775FDDE3}.Release|Any CPU.Build.0 = Release|Any CPU
		{4BEB461E-C9F7-4D0E-BDDB-13F1E29E924D}.Debug|Any CPU.ActiveCfg = Debug|Any CPU
		{4BEB461E-C9F7-4D0E-BDDB-13F1E29E924D}.Debug|Any CPU.Build.0 = Debug|Any CPU
		{4BEB461E-C9F7-4D0E-BDDB-13F1E29E924D}.Release|Any CPU.ActiveCfg = Release|Any CPU
		{4BEB461E-C9F7-4D0E-BDDB-13F1E29E924D}.Release|Any CPU.Build.0 = Release|Any CPU
		{CE004B94-087F-4541-860D-739ADA0F91FD}.Debug|Any CPU.ActiveCfg = Debug|Any CPU
		{CE004B94-087F-4541-860D-739ADA0F91FD}.Debug|Any CPU.Build.0 = Debug|Any CPU
		{CE004B94-087F-4541-860D-739ADA0F91FD}.Release|Any CPU.ActiveCfg = Release|Any CPU
		{CE004B94-087F-4541-860D-739ADA0F91FD}.Release|Any CPU.Build.0 = Release|Any CPU
		{153B9131-042C-487E-9F4A-C6016F19B403}.Debug|Any CPU.ActiveCfg = Debug|Any CPU
		{153B9131-042C-487E-9F4A-C6016F19B403}.Debug|Any CPU.Build.0 = Debug|Any CPU
		{153B9131-042C-487E-9F4A-C6016F19B403}.Release|Any CPU.ActiveCfg = Release|Any CPU
		{153B9131-042C-487E-9F4A-C6016F19B403}.Release|Any CPU.Build.0 = Release|Any CPU
		{D2219A64-522C-48A2-A405-1C391073D9CF}.Debug|Any CPU.ActiveCfg = Debug|Any CPU
		{D2219A64-522C-48A2-A405-1C391073D9CF}.Debug|Any CPU.Build.0 = Debug|Any CPU
		{D2219A64-522C-48A2-A405-1C391073D9CF}.Release|Any CPU.ActiveCfg = Release|Any CPU
		{D2219A64-522C-48A2-A405-1C391073D9CF}.Release|Any CPU.Build.0 = Release|Any CPU
	EndGlobalSection
	GlobalSection(SolutionProperties) = preSolution
		HideSolutionNode = FALSE
	EndGlobalSection
	GlobalSection(ExtensibilityGlobals) = postSolution
		SolutionGuid = {F72962A7-511B-4C89-85A3-E4C57000D17F}
	EndGlobalSection
EndGlobal
