
Microsoft Visual Studio Solution File, Format Version 12.00
# Visual Studio Version 17
VisualStudioVersion = 17.7.34009.444
MinimumVisualStudioVersion = 10.0.40219.1
Project("{9A19103F-16F7-4668-BE54-9A1E7A4F7556}") = "Program", "Program.csproj", "{264632C8-AD0C-471F-8E72-7A76775FDDE3}"
EndProject
Project("{9A19103F-16F7-4668-BE54-9A1E7A4F7556}") = "First_Class", "..\First_Class\First_Class.csproj", "{4BEB461E-C9F7-4D0E-BDDB-13F1E29E924D}"
EndProject
Project("{9A19103F-16F7-4668-BE54-9A1E7A4F7556}") = "Second_Class", "..\Second_Class\Second_Class.csproj", "{CE004B94-087F-4541-860D-739ADA0F91FD}"
EndProject
Project("{9A19103F-16F7-4668-BE54-9A1E7A4F7556}") = "Class_3rd", "..\Class_3rd\Class_3rd.csproj", "{153B9131-042C-487E-9F4A-C6016F19B403}"
EndProject
Project("{9A19103F-16F7-4668-BE54-9A1E7A4F7556}") = "Class_4th", "..\Class_4th\Class_4th.csproj", "{D2219A64-522C-48A2-A405-1C391073D9CF}"
EndProject
Project("{9A19103F-16F7-4668-BE54-9A1E7A4F7556}") = "Class_5th", "..\Class_5th\Class_5th.csproj", "{D3974FC2-3489-4D8C-A481-514AA5AD7F08}"
EndProject
Project("{9A19103F-16F7-4668-BE54-9A1E7A4F7556}") = "Class_6th", "..\Class_6th\Class_6th.csproj", "{9A84D96A-B683-4CFE-8258-98A274B92763}"
EndProject
Project("{9A19103F-16F7-4668-BE54-9A1E7A4F7556}") = "Class_7th", "..\Class_7th\Class_7th.csproj", "{CA578338-CEAD-45E5-AA78-6B67ECCBD545}"
EndProject
Project("{9A19103F-16F7-4668-BE54-9A1E7A4F7556}") = "Class_8th", "..\Class_8th\Class_8th.csproj", "{8F63444D-AE51-41F1-88A2-51EFCB6475C1}"
EndProject
Project("{9A19103F-16F7-4668-BE54-9A1E7A4F7556}") = "Class_10th", "..\Class_10th\Class_10th.csproj", "{668C6C2B-DA1D-40D4-A958-708D72BE8F90}"
EndProject
Project("{9A19103F-16F7-4668-BE54-9A1E7A4F7556}") = "Class_9th", "..\Class_9th\Class_9th.csproj", "{DAE1F3AE-18A6-4E31-B6CB-7E30FEDFA19F}"
EndProject
Project("{FAE04EC0-301F-11D3-BF4B-00C04F79EFBC}") = "Class_11th", "..\Class_11th\Class_11th.csproj", "{6BBEF65D-ABF0-4609-B1F3-025B7C6992EF}"
EndProject
Global
	GlobalSection(SolutionConfigurationPlatforms) = preSolution
		Debug|Any CPU = Debug|Any CPU
		Release|Any CPU = Release|Any CPU
	EndGlobalSection
	GlobalSection(ProjectConfigurationPlatforms) = postSolution
		{264632C8-AD0C-471F-8E72-7A76775FDDE3}.Debug|Any CPU.ActiveCfg = Debug|Any CPU
		{264632C8-AD0C-471F-8E72-7A76775FDDE3}.Debug|Any CPU.Build.0 = Debug|Any CPU
		{264632C8-AD0C-471F-8E72-7A76775FDDE3}.Release|Any CPU.ActiveCfg = Release|Any CPU
		{264632C8-AD0C-471F-8E72-7A76775FDDE3}.Release|Any CPU.Build.0 = Release|Any CPU
		{4BEB461E-C9F7-4D0E-BDDB-13F1E29E924D}.Debug|Any CPU.ActiveCfg = Debug|Any CPU
		{4BEB461E-C9F7-4D0E-BDDB-13F1E29E924D}.Debug|Any CPU.Build.0 = Debug|Any CPU
		{4BEB461E-C9F7-4D0E-BDDB-13F1E29E924D}.Release|Any CPU.ActiveCfg = Release|Any CPU
		{4BEB461E-C9F7-4D0E-BDDB-13F1E29E924D}.Release|Any CPU.Build.0 = Release|Any CPU
		{CE004B94-087F-4541-860D-739ADA0F91FD}.Debug|Any CPU.ActiveCfg = Debug|Any CPU
		{CE004B94-087F-4541-860D-739ADA0F91FD}.Debug|Any CPU.Build.0 = Debug|Any CPU
		{CE004B94-087F-4541-860D-739ADA0F91FD}.Release|Any CPU.ActiveCfg = Release|Any CPU
		{CE004B94-087F-4541-860D-739ADA0F91FD}.Release|Any CPU.Build.0 = Release|Any CPU
		{153B9131-042C-487E-9F4A-C6016F19B403}.Debug|Any CPU.ActiveCfg = Debug|Any CPU
		{153B9131-042C-487E-9F4A-C6016F19B403}.Debug|Any CPU.Build.0 = Debug|Any CPU
		{153B9131-042C-487E-9F4A-C6016F19B403}.Release|Any CPU.ActiveCfg = Release|Any CPU
		{153B9131-042C-487E-9F4A-C6016F19B403}.Release|Any CPU.Build.0 = Release|Any CPU
		{D2219A64-522C-48A2-A405-1C391073D9CF}.Debug|Any CPU.ActiveCfg = Debug|Any CPU
		{D2219A64-522C-48A2-A405-1C391073D9CF}.Debug|Any CPU.Build.0 = Debug|Any CPU
		{D2219A64-522C-48A2-A405-1C391073D9CF}.Release|Any CPU.ActiveCfg = Release|Any CPU
		{D2219A64-522C-48A2-A405-1C391073D9CF}.Release|Any CPU.Build.0 = Release|Any CPU
		{D3974FC2-3489-4D8C-A481-514AA5AD7F08}.Debug|Any CPU.ActiveCfg = Debug|Any CPU
		{D3974FC2-3489-4D8C-A481-514AA5AD7F08}.Debug|Any CPU.Build.0 = Debug|Any CPU
		{D3974FC2-3489-4D8C-A481-514AA5AD7F08}.Release|Any CPU.ActiveCfg = Release|Any CPU
		{D3974FC2-3489-4D8C-A481-514AA5AD7F08}.Release|Any CPU.Build.0 = Release|Any CPU
		{9A84D96A-B683-4CFE-8258-98A274B92763}.Debug|Any CPU.ActiveCfg = Debug|Any CPU
		{9A84D96A-B683-4CFE-8258-98A274B92763}.Debug|Any CPU.Build.0 = Debug|Any CPU
		{9A84D96A-B683-4CFE-8258-98A274B92763}.Release|Any CPU.ActiveCfg = Release|Any CPU
		{9A84D96A-B683-4CFE-8258-98A274B92763}.Release|Any CPU.Build.0 = Release|Any CPU
		{CA578338-CEAD-45E5-AA78-6B67ECCBD545}.Debug|Any CPU.ActiveCfg = Debug|Any CPU
		{CA578338-CEAD-45E5-AA78-6B67ECCBD545}.Debug|Any CPU.Build.0 = Debug|Any CPU
		{CA578338-CEAD-45E5-AA78-6B67ECCBD545}.Release|Any CPU.ActiveCfg = Release|Any CPU
		{CA578338-CEAD-45E5-AA78-6B67ECCBD545}.Release|Any CPU.Build.0 = Release|Any CPU
		{8F63444D-AE51-41F1-88A2-51EFCB6475C1}.Debug|Any CPU.ActiveCfg = Debug|Any CPU
		{8F63444D-AE51-41F1-88A2-51EFCB6475C1}.Debug|Any CPU.Build.0 = Debug|Any CPU
		{8F63444D-AE51-41F1-88A2-51EFCB6475C1}.Release|Any CPU.ActiveCfg = Release|Any CPU
		{8F63444D-AE51-41F1-88A2-51EFCB6475C1}.Release|Any CPU.Build.0 = Release|Any CPU
		{668C6C2B-DA1D-40D4-A958-708D72BE8F90}.Debug|Any CPU.ActiveCfg = Debug|Any CPU
		{668C6C2B-DA1D-40D4-A958-708D72BE8F90}.Debug|Any CPU.Build.0 = Debug|Any CPU
		{668C6C2B-DA1D-40D4-A958-708D72BE8F90}.Release|Any CPU.ActiveCfg = Release|Any CPU
		{668C6C2B-DA1D-40D4-A958-708D72BE8F90}.Release|Any CPU.Build.0 = Release|Any CPU
		{DAE1F3AE-18A6-4E31-B6CB-7E30FEDFA19F}.Debug|Any CPU.ActiveCfg = Debug|Any CPU
		{DAE1F3AE-18A6-4E31-B6CB-7E30FEDFA19F}.Debug|Any CPU.Build.0 = Debug|Any CPU
		{DAE1F3AE-18A6-4E31-B6CB-7E30FEDFA19F}.Release|Any CPU.ActiveCfg = Release|Any CPU
		{DAE1F3AE-18A6-4E31-B6CB-7E30FEDFA19F}.Release|Any CPU.Build.0 = Release|Any CPU
		{6BBEF65D-ABF0-4609-B1F3-025B7C6992EF}.Debug|Any CPU.ActiveCfg = Debug|Any CPU
		{6BBEF65D-ABF0-4609-B1F3-025B7C6992EF}.Debug|Any CPU.Build.0 = Debug|Any CPU
		{6BBEF65D-ABF0-4609-B1F3-025B7C6992EF}.Release|Any CPU.ActiveCfg = Release|Any CPU
		{6BBEF65D-ABF0-4609-B1F3-025B7C6992EF}.Release|Any CPU.Build.0 = Release|Any CPU
	EndGlobalSection
	GlobalSection(SolutionProperties) = preSolution
		HideSolutionNode = FALSE
	EndGlobalSection
	GlobalSection(ExtensibilityGlobals) = postSolution
		SolutionGuid = {F72962A7-511B-4C89-85A3-E4C57000D17F}
	EndGlobalSection
EndGlobal
